
Microsoft Visual Studio Solution File, Format Version 12.00
# Visual Studio Version 16
VisualStudioVersion = 16.0.30523.141
MinimumVisualStudioVersion = 10.0.40219.1
Project("{FAE04EC0-301F-11D3-BF4B-00C04F79EFBC}") = "BruteForcePasswordFinder", "BruteForcePasswordFinder\BruteForcePasswordFinder.csproj", "{561BAA5C-5238-4385-B37D-E7E0C6D9D046}"
EndProject
Global
	GlobalSection(SolutionConfigurationPlatforms) = preSolution
		Debug|Any CPU = Debug|Any CPU
		Release|Any CPU = Release|Any CPU
	EndGlobalSection
	GlobalSection(ProjectConfigurationPlatforms) = postSolution
		{561BAA5C-5238-4385-B37D-E7E0C6D9D046}.Debug|Any CPU.ActiveCfg = Debug|Any CPU
		{561BAA5C-5238-4385-B37D-E7E0C6D9D046}.Debug|Any CPU.Build.0 = Debug|Any CPU
		{561BAA5C-5238-4385-B37D-E7E0C6D9D046}.Release|Any CPU.ActiveCfg = Release|Any CPU
		{561BAA5C-5238-4385-B37D-E7E0C6D9D046}.Release|Any CPU.Build.0 = Release|Any CPU
	EndGlobalSection
	GlobalSection(SolutionProperties) = preSolution
		HideSolutionNode = FALSE
	EndGlobalSection
	GlobalSection(ExtensibilityGlobals) = postSolution
		SolutionGuid = {15559C1E-0B9A-4EAD-818A-1F03C26790C8}
	EndGlobalSection
EndGlobal
